// !$*UTF8*$!
{
	archiveVersion = 1;
	classes = {
	};
	objectVersion = 45;
	objects = {

/* Begin PBXBuildFile section */
		08392B20130A0A9200FAD7B9 /* ASIAuthenticationDialog.m in Sources */ = {isa = PBXBuildFile; fileRef = 08392B11130A0A9200FAD7B9 /* ASIAuthenticationDialog.m */; };
		08392B21130A0A9200FAD7B9 /* ASIInputStream.m in Sources */ = {isa = PBXBuildFile; fileRef = 08392B13130A0A9200FAD7B9 /* ASIInputStream.m */; };
		08392B22130A0A9200FAD7B9 /* ASIFormDataRequest.m in Sources */ = {isa = PBXBuildFile; fileRef = 08392B15130A0A9200FAD7B9 /* ASIFormDataRequest.m */; };
		08392B23130A0A9200FAD7B9 /* ASIHTTPRequest.m in Sources */ = {isa = PBXBuildFile; fileRef = 08392B17130A0A9200FAD7B9 /* ASIHTTPRequest.m */; };
		08392B24130A0A9200FAD7B9 /* ASINetworkQueue.m in Sources */ = {isa = PBXBuildFile; fileRef = 08392B19130A0A9200FAD7B9 /* ASINetworkQueue.m */; };
		08392B25130A0A9200FAD7B9 /* ASIDownloadCache.m in Sources */ = {isa = PBXBuildFile; fileRef = 08392B1B130A0A9200FAD7B9 /* ASIDownloadCache.m */; };
		08392B26130A0A9200FAD7B9 /* ASIDataDecompressor.m in Sources */ = {isa = PBXBuildFile; fileRef = 08392B1D130A0A9200FAD7B9 /* ASIDataDecompressor.m */; };
		08392B27130A0A9200FAD7B9 /* ASIDataCompressor.m in Sources */ = {isa = PBXBuildFile; fileRef = 08392B1F130A0A9200FAD7B9 /* ASIDataCompressor.m */; };
		08392B2B130A0A9A00FAD7B9 /* Reachability.m in Sources */ = {isa = PBXBuildFile; fileRef = 08392B2A130A0A9A00FAD7B9 /* Reachability.m */; };
		08392B39130A0AD000FAD7B9 /* CFNetwork.framework in Frameworks */ = {isa = PBXBuildFile; fileRef = 08392B38130A0AD000FAD7B9 /* CFNetwork.framework */; };
		08392B3D130A0AE000FAD7B9 /* SystemConfiguration.framework in Frameworks */ = {isa = PBXBuildFile; fileRef = 08392B3C130A0AE000FAD7B9 /* SystemConfiguration.framework */; };
		08392B41130A0AED00FAD7B9 /* MobileCoreServices.framework in Frameworks */ = {isa = PBXBuildFile; fileRef = 08392B40130A0AED00FAD7B9 /* MobileCoreServices.framework */; };
		08392B56130A14B500FAD7B9 /* libxml2.dylib in Frameworks */ = {isa = PBXBuildFile; fileRef = 08392B55130A14B500FAD7B9 /* libxml2.dylib */; };
		08392B8E130A16B800FAD7B9 /* libz.1.2.3.dylib in Frameworks */ = {isa = PBXBuildFile; fileRef = 08392B8D130A16B800FAD7B9 /* libz.1.2.3.dylib */; };
		08392C21130A264C00FAD7B9 /* ATND.m in Sources */ = {isa = PBXBuildFile; fileRef = 08392C20130A264C00FAD7B9 /* ATND.m */; };
		08392C92130A279300FAD7B9 /* NSObject+JSON.m in Sources */ = {isa = PBXBuildFile; fileRef = 08392C81130A279300FAD7B9 /* NSObject+JSON.m */; };
		08392C93130A279300FAD7B9 /* SBJsonWriter.m in Sources */ = {isa = PBXBuildFile; fileRef = 08392C83130A279300FAD7B9 /* SBJsonWriter.m */; };
		08392C94130A279300FAD7B9 /* SBJsonStreamWriter.m in Sources */ = {isa = PBXBuildFile; fileRef = 08392C85130A279300FAD7B9 /* SBJsonStreamWriter.m */; };
		08392C95130A279300FAD7B9 /* SBJsonStreamWriterState.m in Sources */ = {isa = PBXBuildFile; fileRef = 08392C87130A279300FAD7B9 /* SBJsonStreamWriterState.m */; };
		08392C96130A279300FAD7B9 /* SBJsonTokeniser.m in Sources */ = {isa = PBXBuildFile; fileRef = 08392C89130A279300FAD7B9 /* SBJsonTokeniser.m */; };
		08392C97130A279300FAD7B9 /* SBJsonParser.m in Sources */ = {isa = PBXBuildFile; fileRef = 08392C8B130A279300FAD7B9 /* SBJsonParser.m */; };
		08392C98130A279300FAD7B9 /* SBJsonStreamParser.m in Sources */ = {isa = PBXBuildFile; fileRef = 08392C8D130A279300FAD7B9 /* SBJsonStreamParser.m */; };
		08392C99130A279300FAD7B9 /* SBJsonStreamParserState.m in Sources */ = {isa = PBXBuildFile; fileRef = 08392C8F130A279300FAD7B9 /* SBJsonStreamParserState.m */; };
		08392C9A130A279300FAD7B9 /* SBJsonStreamParserAdapter.m in Sources */ = {isa = PBXBuildFile; fileRef = 08392C91130A279300FAD7B9 /* SBJsonStreamParserAdapter.m */; };
		08392CD8130A2FC700FAD7B9 /* NSDictionary+UrlEncoding.m in Sources */ = {isa = PBXBuildFile; fileRef = 08392CD7130A2FC700FAD7B9 /* NSDictionary+UrlEncoding.m */; };
		08392CDB130A30C400FAD7B9 /* ATNDQuery.m in Sources */ = {isa = PBXBuildFile; fileRef = 08392CDA130A30C400FAD7B9 /* ATNDQuery.m */; };
		08392CEB130A332F00FAD7B9 /* ATDNQueryEvents.m in Sources */ = {isa = PBXBuildFile; fileRef = 08392CEA130A332F00FAD7B9 /* ATDNQueryEvents.m */; };
		08392D60130A402700FAD7B9 /* ATNDQueryUsers.m in Sources */ = {isa = PBXBuildFile; fileRef = 08392D5F130A402700FAD7B9 /* ATNDQueryUsers.m */; };
		08B660C6130A6A7F00E2DD66 /* Samples.m in Sources */ = {isa = PBXBuildFile; fileRef = 08B660C5130A6A7F00E2DD66 /* Samples.m */; };
		1D3623260D0F684500981E51 /* ATNDAppDelegate.m in Sources */ = {isa = PBXBuildFile; fileRef = 1D3623250D0F684500981E51 /* ATNDAppDelegate.m */; };
		1D60589B0D05DD56006BFB54 /* main.m in Sources */ = {isa = PBXBuildFile; fileRef = 29B97316FDCFA39411CA2CEA /* main.m */; };
		1D60589F0D05DD5A006BFB54 /* Foundation.framework in Frameworks */ = {isa = PBXBuildFile; fileRef = 1D30AB110D05D00D00671497 /* Foundation.framework */; };
		1DF5F4E00D08C38300B7A737 /* UIKit.framework in Frameworks */ = {isa = PBXBuildFile; fileRef = 1DF5F4DF0D08C38300B7A737 /* UIKit.framework */; };
		288765FD0DF74451002DB57D /* CoreGraphics.framework in Frameworks */ = {isa = PBXBuildFile; fileRef = 288765FC0DF74451002DB57D /* CoreGraphics.framework */; };
/* End PBXBuildFile section */

/* Begin PBXFileReference section */
		08392B0C130A0A9200FAD7B9 /* ASIHTTPRequestConfig.h */ = {isa = PBXFileReference; fileEncoding = 4; lastKnownFileType = sourcecode.c.h; path = ASIHTTPRequestConfig.h; sourceTree = "<group>"; };
		08392B0D130A0A9200FAD7B9 /* ASICacheDelegate.h */ = {isa = PBXFileReference; fileEncoding = 4; lastKnownFileType = sourcecode.c.h; path = ASICacheDelegate.h; sourceTree = "<group>"; };
		08392B0E130A0A9200FAD7B9 /* ASIHTTPRequestDelegate.h */ = {isa = PBXFileReference; fileEncoding = 4; lastKnownFileType = sourcecode.c.h; path = ASIHTTPRequestDelegate.h; sourceTree = "<group>"; };
		08392B0F130A0A9200FAD7B9 /* ASIProgressDelegate.h */ = {isa = PBXFileReference; fileEncoding = 4; lastKnownFileType = sourcecode.c.h; path = ASIProgressDelegate.h; sourceTree = "<group>"; };
		08392B10130A0A9200FAD7B9 /* ASIAuthenticationDialog.h */ = {isa = PBXFileReference; fileEncoding = 4; lastKnownFileType = sourcecode.c.h; path = ASIAuthenticationDialog.h; sourceTree = "<group>"; };
		08392B11130A0A9200FAD7B9 /* ASIAuthenticationDialog.m */ = {isa = PBXFileReference; fileEncoding = 4; lastKnownFileType = sourcecode.c.objc; path = ASIAuthenticationDialog.m; sourceTree = "<group>"; };
		08392B12130A0A9200FAD7B9 /* ASIInputStream.h */ = {isa = PBXFileReference; fileEncoding = 4; lastKnownFileType = sourcecode.c.h; path = ASIInputStream.h; sourceTree = "<group>"; };
		08392B13130A0A9200FAD7B9 /* ASIInputStream.m */ = {isa = PBXFileReference; fileEncoding = 4; lastKnownFileType = sourcecode.c.objc; path = ASIInputStream.m; sourceTree = "<group>"; };
		08392B14130A0A9200FAD7B9 /* ASIFormDataRequest.h */ = {isa = PBXFileReference; fileEncoding = 4; lastKnownFileType = sourcecode.c.h; path = ASIFormDataRequest.h; sourceTree = "<group>"; };
		08392B15130A0A9200FAD7B9 /* ASIFormDataRequest.m */ = {isa = PBXFileReference; fileEncoding = 4; lastKnownFileType = sourcecode.c.objc; path = ASIFormDataRequest.m; sourceTree = "<group>"; };
		08392B16130A0A9200FAD7B9 /* ASIHTTPRequest.h */ = {isa = PBXFileReference; fileEncoding = 4; lastKnownFileType = sourcecode.c.h; path = ASIHTTPRequest.h; sourceTree = "<group>"; };
		08392B17130A0A9200FAD7B9 /* ASIHTTPRequest.m */ = {isa = PBXFileReference; fileEncoding = 4; lastKnownFileType = sourcecode.c.objc; path = ASIHTTPRequest.m; sourceTree = "<group>"; };
		08392B18130A0A9200FAD7B9 /* ASINetworkQueue.h */ = {isa = PBXFileReference; fileEncoding = 4; lastKnownFileType = sourcecode.c.h; path = ASINetworkQueue.h; sourceTree = "<group>"; };
		08392B19130A0A9200FAD7B9 /* ASINetworkQueue.m */ = {isa = PBXFileReference; fileEncoding = 4; lastKnownFileType = sourcecode.c.objc; path = ASINetworkQueue.m; sourceTree = "<group>"; };
		08392B1A130A0A9200FAD7B9 /* ASIDownloadCache.h */ = {isa = PBXFileReference; fileEncoding = 4; lastKnownFileType = sourcecode.c.h; path = ASIDownloadCache.h; sourceTree = "<group>"; };
		08392B1B130A0A9200FAD7B9 /* ASIDownloadCache.m */ = {isa = PBXFileReference; fileEncoding = 4; lastKnownFileType = sourcecode.c.objc; path = ASIDownloadCache.m; sourceTree = "<group>"; };
		08392B1C130A0A9200FAD7B9 /* ASIDataDecompressor.h */ = {isa = PBXFileReference; fileEncoding = 4; lastKnownFileType = sourcecode.c.h; path = ASIDataDecompressor.h; sourceTree = "<group>"; };
		08392B1D130A0A9200FAD7B9 /* ASIDataDecompressor.m */ = {isa = PBXFileReference; fileEncoding = 4; lastKnownFileType = sourcecode.c.objc; path = ASIDataDecompressor.m; sourceTree = "<group>"; };
		08392B1E130A0A9200FAD7B9 /* ASIDataCompressor.h */ = {isa = PBXFileReference; fileEncoding = 4; lastKnownFileType = sourcecode.c.h; path = ASIDataCompressor.h; sourceTree = "<group>"; };
		08392B1F130A0A9200FAD7B9 /* ASIDataCompressor.m */ = {isa = PBXFileReference; fileEncoding = 4; lastKnownFileType = sourcecode.c.objc; path = ASIDataCompressor.m; sourceTree = "<group>"; };
		08392B29130A0A9A00FAD7B9 /* Reachability.h */ = {isa = PBXFileReference; fileEncoding = 4; lastKnownFileType = sourcecode.c.h; path = Reachability.h; sourceTree = "<group>"; };
		08392B2A130A0A9A00FAD7B9 /* Reachability.m */ = {isa = PBXFileReference; fileEncoding = 4; lastKnownFileType = sourcecode.c.objc; path = Reachability.m; sourceTree = "<group>"; };
		08392B38130A0AD000FAD7B9 /* CFNetwork.framework */ = {isa = PBXFileReference; lastKnownFileType = wrapper.framework; name = CFNetwork.framework; path = System/Library/Frameworks/CFNetwork.framework; sourceTree = SDKROOT; };
		08392B3C130A0AE000FAD7B9 /* SystemConfiguration.framework */ = {isa = PBXFileReference; lastKnownFileType = wrapper.framework; name = SystemConfiguration.framework; path = System/Library/Frameworks/SystemConfiguration.framework; sourceTree = SDKROOT; };
		08392B40130A0AED00FAD7B9 /* MobileCoreServices.framework */ = {isa = PBXFileReference; lastKnownFileType = wrapper.framework; name = MobileCoreServices.framework; path = System/Library/Frameworks/MobileCoreServices.framework; sourceTree = SDKROOT; };
		08392B55130A14B500FAD7B9 /* libxml2.dylib */ = {isa = PBXFileReference; lastKnownFileType = "compiled.mach-o.dylib"; name = libxml2.dylib; path = usr/lib/libxml2.dylib; sourceTree = SDKROOT; };
		08392B8D130A16B800FAD7B9 /* libz.1.2.3.dylib */ = {isa = PBXFileReference; lastKnownFileType = "compiled.mach-o.dylib"; name = libz.1.2.3.dylib; path = usr/lib/libz.1.2.3.dylib; sourceTree = SDKROOT; };
		08392C1F130A264C00FAD7B9 /* ATND.h */ = {isa = PBXFileReference; fileEncoding = 4; lastKnownFileType = sourcecode.c.h; path = ATND.h; sourceTree = "<group>"; };
		08392C20130A264C00FAD7B9 /* ATND.m */ = {isa = PBXFileReference; fileEncoding = 4; lastKnownFileType = sourcecode.c.objc; path = ATND.m; sourceTree = "<group>"; };
		08392C7F130A279300FAD7B9 /* JSON.h */ = {isa = PBXFileReference; fileEncoding = 4; lastKnownFileType = sourcecode.c.h; path = JSON.h; sourceTree = "<group>"; };
		08392C80130A279300FAD7B9 /* NSObject+JSON.h */ = {isa = PBXFileReference; fileEncoding = 4; lastKnownFileType = sourcecode.c.h; path = "NSObject+JSON.h"; sourceTree = "<group>"; };
		08392C81130A279300FAD7B9 /* NSObject+JSON.m */ = {isa = PBXFileReference; fileEncoding = 4; lastKnownFileType = sourcecode.c.objc; path = "NSObject+JSON.m"; sourceTree = "<group>"; };
		08392C82130A279300FAD7B9 /* SBJsonWriter.h */ = {isa = PBXFileReference; fileEncoding = 4; lastKnownFileType = sourcecode.c.h; path = SBJsonWriter.h; sourceTree = "<group>"; };
		08392C83130A279300FAD7B9 /* SBJsonWriter.m */ = {isa = PBXFileReference; fileEncoding = 4; lastKnownFileType = sourcecode.c.objc; path = SBJsonWriter.m; sourceTree = "<group>"; };
		08392C84130A279300FAD7B9 /* SBJsonStreamWriter.h */ = {isa = PBXFileReference; fileEncoding = 4; lastKnownFileType = sourcecode.c.h; path = SBJsonStreamWriter.h; sourceTree = "<group>"; };
		08392C85130A279300FAD7B9 /* SBJsonStreamWriter.m */ = {isa = PBXFileReference; fileEncoding = 4; lastKnownFileType = sourcecode.c.objc; path = SBJsonStreamWriter.m; sourceTree = "<group>"; };
		08392C86130A279300FAD7B9 /* SBJsonStreamWriterState.h */ = {isa = PBXFileReference; fileEncoding = 4; lastKnownFileType = sourcecode.c.h; path = SBJsonStreamWriterState.h; sourceTree = "<group>"; };
		08392C87130A279300FAD7B9 /* SBJsonStreamWriterState.m */ = {isa = PBXFileReference; fileEncoding = 4; lastKnownFileType = sourcecode.c.objc; path = SBJsonStreamWriterState.m; sourceTree = "<group>"; };
		08392C88130A279300FAD7B9 /* SBJsonTokeniser.h */ = {isa = PBXFileReference; fileEncoding = 4; lastKnownFileType = sourcecode.c.h; path = SBJsonTokeniser.h; sourceTree = "<group>"; };
		08392C89130A279300FAD7B9 /* SBJsonTokeniser.m */ = {isa = PBXFileReference; fileEncoding = 4; lastKnownFileType = sourcecode.c.objc; path = SBJsonTokeniser.m; sourceTree = "<group>"; };
		08392C8A130A279300FAD7B9 /* SBJsonParser.h */ = {isa = PBXFileReference; fileEncoding = 4; lastKnownFileType = sourcecode.c.h; path = SBJsonParser.h; sourceTree = "<group>"; };
		08392C8B130A279300FAD7B9 /* SBJsonParser.m */ = {isa = PBXFileReference; fileEncoding = 4; lastKnownFileType = sourcecode.c.objc; path = SBJsonParser.m; sourceTree = "<group>"; };
		08392C8C130A279300FAD7B9 /* SBJsonStreamParser.h */ = {isa = PBXFileReference; fileEncoding = 4; lastKnownFileType = sourcecode.c.h; path = SBJsonStreamParser.h; sourceTree = "<group>"; };
		08392C8D130A279300FAD7B9 /* SBJsonStreamParser.m */ = {isa = PBXFileReference; fileEncoding = 4; lastKnownFileType = sourcecode.c.objc; path = SBJsonStreamParser.m; sourceTree = "<group>"; };
		08392C8E130A279300FAD7B9 /* SBJsonStreamParserState.h */ = {isa = PBXFileReference; fileEncoding = 4; lastKnownFileType = sourcecode.c.h; path = SBJsonStreamParserState.h; sourceTree = "<group>"; };
		08392C8F130A279300FAD7B9 /* SBJsonStreamParserState.m */ = {isa = PBXFileReference; fileEncoding = 4; lastKnownFileType = sourcecode.c.objc; path = SBJsonStreamParserState.m; sourceTree = "<group>"; };
		08392C90130A279300FAD7B9 /* SBJsonStreamParserAdapter.h */ = {isa = PBXFileReference; fileEncoding = 4; lastKnownFileType = sourcecode.c.h; path = SBJsonStreamParserAdapter.h; sourceTree = "<group>"; };
		08392C91130A279300FAD7B9 /* SBJsonStreamParserAdapter.m */ = {isa = PBXFileReference; fileEncoding = 4; lastKnownFileType = sourcecode.c.objc; path = SBJsonStreamParserAdapter.m; sourceTree = "<group>"; };
		08392CD6130A2FC700FAD7B9 /* NSDictionary+UrlEncoding.h */ = {isa = PBXFileReference; fileEncoding = 4; lastKnownFileType = sourcecode.c.h; path = "NSDictionary+UrlEncoding.h"; sourceTree = "<group>"; };
		08392CD7130A2FC700FAD7B9 /* NSDictionary+UrlEncoding.m */ = {isa = PBXFileReference; fileEncoding = 4; lastKnownFileType = sourcecode.c.objc; path = "NSDictionary+UrlEncoding.m"; sourceTree = "<group>"; };
		08392CD9130A30C400FAD7B9 /* ATNDQuery.h */ = {isa = PBXFileReference; fileEncoding = 4; lastKnownFileType = sourcecode.c.h; path = ATNDQuery.h; sourceTree = "<group>"; };
		08392CDA130A30C400FAD7B9 /* ATNDQuery.m */ = {isa = PBXFileReference; fileEncoding = 4; lastKnownFileType = sourcecode.c.objc; path = ATNDQuery.m; sourceTree = "<group>"; };
		08392CE9130A332F00FAD7B9 /* ATDNQueryEvents.h */ = {isa = PBXFileReference; fileEncoding = 4; lastKnownFileType = sourcecode.c.h; path = ATDNQueryEvents.h; sourceTree = "<group>"; };
		08392CEA130A332F00FAD7B9 /* ATDNQueryEvents.m */ = {isa = PBXFileReference; fileEncoding = 4; lastKnownFileType = sourcecode.c.objc; path = ATDNQueryEvents.m; sourceTree = "<group>"; };
		08392D5E130A402700FAD7B9 /* ATNDQueryUsers.h */ = {isa = PBXFileReference; fileEncoding = 4; lastKnownFileType = sourcecode.c.h; name = ATNDQueryUsers.h; path = ASIHTTP/ATNDQueryUsers.h; sourceTree = "<group>"; };
		08392D5F130A402700FAD7B9 /* ATNDQueryUsers.m */ = {isa = PBXFileReference; fileEncoding = 4; lastKnownFileType = sourcecode.c.objc; name = ATNDQueryUsers.m; path = ASIHTTP/ATNDQueryUsers.m; sourceTree = "<group>"; };
		08B660C4130A6A7F00E2DD66 /* Samples.h */ = {isa = PBXFileReference; fileEncoding = 4; lastKnownFileType = sourcecode.c.h; path = Samples.h; sourceTree = "<group>"; };
		08B660C5130A6A7F00E2DD66 /* Samples.m */ = {isa = PBXFileReference; fileEncoding = 4; lastKnownFileType = sourcecode.c.objc; path = Samples.m; sourceTree = "<group>"; };
		1D30AB110D05D00D00671497 /* Foundation.framework */ = {isa = PBXFileReference; lastKnownFileType = wrapper.framework; name = Foundation.framework; path = System/Library/Frameworks/Foundation.framework; sourceTree = SDKROOT; };
		1D3623240D0F684500981E51 /* ATNDAppDelegate.h */ = {isa = PBXFileReference; fileEncoding = 4; lastKnownFileType = sourcecode.c.h; path = ATNDAppDelegate.h; sourceTree = "<group>"; };
		1D3623250D0F684500981E51 /* ATNDAppDelegate.m */ = {isa = PBXFileReference; fileEncoding = 4; lastKnownFileType = sourcecode.c.objc; path = ATNDAppDelegate.m; sourceTree = "<group>"; };
		1D6058910D05DD3D006BFB54 /* ATND.app */ = {isa = PBXFileReference; explicitFileType = wrapper.application; includeInIndex = 0; path = ATND.app; sourceTree = BUILT_PRODUCTS_DIR; };
		1DF5F4DF0D08C38300B7A737 /* UIKit.framework */ = {isa = PBXFileReference; lastKnownFileType = wrapper.framework; name = UIKit.framework; path = System/Library/Frameworks/UIKit.framework; sourceTree = SDKROOT; };
		288765FC0DF74451002DB57D /* CoreGraphics.framework */ = {isa = PBXFileReference; lastKnownFileType = wrapper.framework; name = CoreGraphics.framework; path = System/Library/Frameworks/CoreGraphics.framework; sourceTree = SDKROOT; };
		29B97316FDCFA39411CA2CEA /* main.m */ = {isa = PBXFileReference; fileEncoding = 4; lastKnownFileType = sourcecode.c.objc; path = main.m; sourceTree = "<group>"; };
		32CA4F630368D1EE00C91783 /* ATND_Prefix.pch */ = {isa = PBXFileReference; fileEncoding = 4; lastKnownFileType = sourcecode.c.h; path = ATND_Prefix.pch; sourceTree = "<group>"; };
		8D1107310486CEB800E47090 /* ATND-Info.plist */ = {isa = PBXFileReference; fileEncoding = 4; lastKnownFileType = text.plist.xml; path = "ATND-Info.plist"; plistStructureDefinitionIdentifier = "com.apple.xcode.plist.structure-definition.iphone.info-plist"; sourceTree = "<group>"; };
/* End PBXFileReference section */

/* Begin PBXFrameworksBuildPhase section */
		1D60588F0D05DD3D006BFB54 /* Frameworks */ = {
			isa = PBXFrameworksBuildPhase;
			buildActionMask = 2147483647;
			files = (
				1D60589F0D05DD5A006BFB54 /* Foundation.framework in Frameworks */,
				1DF5F4E00D08C38300B7A737 /* UIKit.framework in Frameworks */,
				288765FD0DF74451002DB57D /* CoreGraphics.framework in Frameworks */,
				08392B39130A0AD000FAD7B9 /* CFNetwork.framework in Frameworks */,
				08392B3D130A0AE000FAD7B9 /* SystemConfiguration.framework in Frameworks */,
				08392B41130A0AED00FAD7B9 /* MobileCoreServices.framework in Frameworks */,
				08392B56130A14B500FAD7B9 /* libxml2.dylib in Frameworks */,
				08392B8E130A16B800FAD7B9 /* libz.1.2.3.dylib in Frameworks */,
			);
			runOnlyForDeploymentPostprocessing = 0;
		};
/* End PBXFrameworksBuildPhase section */

/* Begin PBXGroup section */
		080E96DDFE201D6D7F000001 /* Classes */ = {
			isa = PBXGroup;
			children = (
				08392C7C130A278800FAD7B9 /* JSON */,
				08392B0B130A0A8800FAD7B9 /* ASIHTTP */,
				1D3623240D0F684500981E51 /* ATNDAppDelegate.h */,
				1D3623250D0F684500981E51 /* ATNDAppDelegate.m */,
				08392C1F130A264C00FAD7B9 /* ATND.h */,
				08392C20130A264C00FAD7B9 /* ATND.m */,
				08392CD9130A30C400FAD7B9 /* ATNDQuery.h */,
				08392CDA130A30C400FAD7B9 /* ATNDQuery.m */,
				08392CE9130A332F00FAD7B9 /* ATDNQueryEvents.h */,
				08392CEA130A332F00FAD7B9 /* ATDNQueryEvents.m */,
				08392D5E130A402700FAD7B9 /* ATNDQueryUsers.h */,
				08392D5F130A402700FAD7B9 /* ATNDQueryUsers.m */,
				08392CD6130A2FC700FAD7B9 /* NSDictionary+UrlEncoding.h */,
				08392CD7130A2FC700FAD7B9 /* NSDictionary+UrlEncoding.m */,
				08B660C4130A6A7F00E2DD66 /* Samples.h */,
				08B660C5130A6A7F00E2DD66 /* Samples.m */,
			);
			path = Classes;
			sourceTree = "<group>";
		};
		08392B0B130A0A8800FAD7B9 /* ASIHTTP */ = {
			isa = PBXGroup;
			children = (
				08392B28130A0A9A00FAD7B9 /* Reachability */,
				08392B0C130A0A9200FAD7B9 /* ASIHTTPRequestConfig.h */,
				08392B0D130A0A9200FAD7B9 /* ASICacheDelegate.h */,
				08392B0E130A0A9200FAD7B9 /* ASIHTTPRequestDelegate.h */,
				08392B0F130A0A9200FAD7B9 /* ASIProgressDelegate.h */,
				08392B10130A0A9200FAD7B9 /* ASIAuthenticationDialog.h */,
				08392B11130A0A9200FAD7B9 /* ASIAuthenticationDialog.m */,
				08392B12130A0A9200FAD7B9 /* ASIInputStream.h */,
				08392B13130A0A9200FAD7B9 /* ASIInputStream.m */,
				08392B14130A0A9200FAD7B9 /* ASIFormDataRequest.h */,
				08392B15130A0A9200FAD7B9 /* ASIFormDataRequest.m */,
				08392B16130A0A9200FAD7B9 /* ASIHTTPRequest.h */,
				08392B17130A0A9200FAD7B9 /* ASIHTTPRequest.m */,
				08392B18130A0A9200FAD7B9 /* ASINetworkQueue.h */,
				08392B19130A0A9200FAD7B9 /* ASINetworkQueue.m */,
				08392B1A130A0A9200FAD7B9 /* ASIDownloadCache.h */,
				08392B1B130A0A9200FAD7B9 /* ASIDownloadCache.m */,
				08392B1C130A0A9200FAD7B9 /* ASIDataDecompressor.h */,
				08392B1D130A0A9200FAD7B9 /* ASIDataDecompressor.m */,
				08392B1E130A0A9200FAD7B9 /* ASIDataCompressor.h */,
				08392B1F130A0A9200FAD7B9 /* ASIDataCompressor.m */,
			);
			path = ASIHTTP;
			sourceTree = "<group>";
		};
		08392B28130A0A9A00FAD7B9 /* Reachability */ = {
			isa = PBXGroup;
			children = (
				08392B29130A0A9A00FAD7B9 /* Reachability.h */,
				08392B2A130A0A9A00FAD7B9 /* Reachability.m */,
			);
			path = Reachability;
			sourceTree = "<group>";
		};
		08392C7C130A278800FAD7B9 /* JSON */ = {
			isa = PBXGroup;
			children = (
				08392C7F130A279300FAD7B9 /* JSON.h */,
				08392C80130A279300FAD7B9 /* NSObject+JSON.h */,
				08392C81130A279300FAD7B9 /* NSObject+JSON.m */,
				08392C82130A279300FAD7B9 /* SBJsonWriter.h */,
				08392C83130A279300FAD7B9 /* SBJsonWriter.m */,
				08392C84130A279300FAD7B9 /* SBJsonStreamWriter.h */,
				08392C85130A279300FAD7B9 /* SBJsonStreamWriter.m */,
				08392C86130A279300FAD7B9 /* SBJsonStreamWriterState.h */,
				08392C87130A279300FAD7B9 /* SBJsonStreamWriterState.m */,
				08392C88130A279300FAD7B9 /* SBJsonTokeniser.h */,
				08392C89130A279300FAD7B9 /* SBJsonTokeniser.m */,
				08392C8A130A279300FAD7B9 /* SBJsonParser.h */,
				08392C8B130A279300FAD7B9 /* SBJsonParser.m */,
				08392C8C130A279300FAD7B9 /* SBJsonStreamParser.h */,
				08392C8D130A279300FAD7B9 /* SBJsonStreamParser.m */,
				08392C8E130A279300FAD7B9 /* SBJsonStreamParserState.h */,
				08392C8F130A279300FAD7B9 /* SBJsonStreamParserState.m */,
				08392C90130A279300FAD7B9 /* SBJsonStreamParserAdapter.h */,
				08392C91130A279300FAD7B9 /* SBJsonStreamParserAdapter.m */,
			);
			name = JSON;
			sourceTree = "<group>";
		};
		19C28FACFE9D520D11CA2CBB /* Products */ = {
			isa = PBXGroup;
			children = (
				1D6058910D05DD3D006BFB54 /* ATND.app */,
			);
			name = Products;
			sourceTree = "<group>";
		};
		29B97314FDCFA39411CA2CEA /* CustomTemplate */ = {
			isa = PBXGroup;
			children = (
				080E96DDFE201D6D7F000001 /* Classes */,
				29B97315FDCFA39411CA2CEA /* Other Sources */,
				29B97317FDCFA39411CA2CEA /* Resources */,
				29B97323FDCFA39411CA2CEA /* Frameworks */,
				19C28FACFE9D520D11CA2CBB /* Products */,
			);
			name = CustomTemplate;
			sourceTree = "<group>";
		};
		29B97315FDCFA39411CA2CEA /* Other Sources */ = {
			isa = PBXGroup;
			children = (
				32CA4F630368D1EE00C91783 /* ATND_Prefix.pch */,
				29B97316FDCFA39411CA2CEA /* main.m */,
			);
			name = "Other Sources";
			sourceTree = "<group>";
		};
		29B97317FDCFA39411CA2CEA /* Resources */ = {
			isa = PBXGroup;
			children = (
				8D1107310486CEB800E47090 /* ATND-Info.plist */,
			);
			name = Resources;
			sourceTree = "<group>";
		};
		29B97323FDCFA39411CA2CEA /* Frameworks */ = {
			isa = PBXGroup;
			children = (
				08392B55130A14B500FAD7B9 /* libxml2.dylib */,
				1DF5F4DF0D08C38300B7A737 /* UIKit.framework */,
				1D30AB110D05D00D00671497 /* Foundation.framework */,
				288765FC0DF74451002DB57D /* CoreGraphics.framework */,
				08392B38130A0AD000FAD7B9 /* CFNetwork.framework */,
				08392B3C130A0AE000FAD7B9 /* SystemConfiguration.framework */,
				08392B40130A0AED00FAD7B9 /* MobileCoreServices.framework */,
				08392B8D130A16B800FAD7B9 /* libz.1.2.3.dylib */,
			);
			name = Frameworks;
			sourceTree = "<group>";
		};
/* End PBXGroup section */

/* Begin PBXNativeTarget section */
		1D6058900D05DD3D006BFB54 /* ATND */ = {
			isa = PBXNativeTarget;
			buildConfigurationList = 1D6058960D05DD3E006BFB54 /* Build configuration list for PBXNativeTarget "ATND" */;
			buildPhases = (
				1D60588D0D05DD3D006BFB54 /* Resources */,
				1D60588E0D05DD3D006BFB54 /* Sources */,
				1D60588F0D05DD3D006BFB54 /* Frameworks */,
			);
			buildRules = (
			);
			dependencies = (
			);
			name = ATND;
			productName = ATND;
			productReference = 1D6058910D05DD3D006BFB54 /* ATND.app */;
			productType = "com.apple.product-type.application";
		};
/* End PBXNativeTarget section */

/* Begin PBXProject section */
		29B97313FDCFA39411CA2CEA /* Project object */ = {
			isa = PBXProject;
			buildConfigurationList = C01FCF4E08A954540054247B /* Build configuration list for PBXProject "ATND" */;
			compatibilityVersion = "Xcode 3.1";
			developmentRegion = English;
			hasScannedForEncodings = 1;
			knownRegions = (
				English,
				Japanese,
				French,
				German,
			);
			mainGroup = 29B97314FDCFA39411CA2CEA /* CustomTemplate */;
			projectDirPath = "";
			projectRoot = "";
			targets = (
				1D6058900D05DD3D006BFB54 /* ATND */,
			);
		};
/* End PBXProject section */

/* Begin PBXResourcesBuildPhase section */
		1D60588D0D05DD3D006BFB54 /* Resources */ = {
			isa = PBXResourcesBuildPhase;
			buildActionMask = 2147483647;
			files = (
			);
			runOnlyForDeploymentPostprocessing = 0;
		};
/* End PBXResourcesBuildPhase section */

/* Begin PBXSourcesBuildPhase section */
		1D60588E0D05DD3D006BFB54 /* Sources */ = {
			isa = PBXSourcesBuildPhase;
			buildActionMask = 2147483647;
			files = (
				1D60589B0D05DD56006BFB54 /* main.m in Sources */,
				1D3623260D0F684500981E51 /* ATNDAppDelegate.m in Sources */,
				08392B20130A0A9200FAD7B9 /* ASIAuthenticationDialog.m in Sources */,
				08392B21130A0A9200FAD7B9 /* ASIInputStream.m in Sources */,
				08392B22130A0A9200FAD7B9 /* ASIFormDataRequest.m in Sources */,
				08392B23130A0A9200FAD7B9 /* ASIHTTPRequest.m in Sources */,
				08392B24130A0A9200FAD7B9 /* ASINetworkQueue.m in Sources */,
				08392B25130A0A9200FAD7B9 /* ASIDownloadCache.m in Sources */,
				08392B26130A0A9200FAD7B9 /* ASIDataDecompressor.m in Sources */,
				08392B27130A0A9200FAD7B9 /* ASIDataCompressor.m in Sources */,
				08392B2B130A0A9A00FAD7B9 /* Reachability.m in Sources */,
				08392C21130A264C00FAD7B9 /* ATND.m in Sources */,
				08392C92130A279300FAD7B9 /* NSObject+JSON.m in Sources */,
				08392C93130A279300FAD7B9 /* SBJsonWriter.m in Sources */,
				08392C94130A279300FAD7B9 /* SBJsonStreamWriter.m in Sources */,
				08392C95130A279300FAD7B9 /* SBJsonStreamWriterState.m in Sources */,
				08392C96130A279300FAD7B9 /* SBJsonTokeniser.m in Sources */,
				08392C97130A279300FAD7B9 /* SBJsonParser.m in Sources */,
				08392C98130A279300FAD7B9 /* SBJsonStreamParser.m in Sources */,
				08392C99130A279300FAD7B9 /* SBJsonStreamParserState.m in Sources */,
				08392C9A130A279300FAD7B9 /* SBJsonStreamParserAdapter.m in Sources */,
				08392CD8130A2FC700FAD7B9 /* NSDictionary+UrlEncoding.m in Sources */,
				08392CDB130A30C400FAD7B9 /* ATNDQuery.m in Sources */,
				08392CEB130A332F00FAD7B9 /* ATDNQueryEvents.m in Sources */,
				08392D60130A402700FAD7B9 /* ATNDQueryUsers.m in Sources */,
				08B660C6130A6A7F00E2DD66 /* Samples.m in Sources */,
			);
			runOnlyForDeploymentPostprocessing = 0;
		};
/* End PBXSourcesBuildPhase section */

/* Begin XCBuildConfiguration section */
		1D6058940D05DD3E006BFB54 /* Debug */ = {
			isa = XCBuildConfiguration;
			buildSettings = {
				ADDITIONAL_SDKS = "";
				ALWAYS_SEARCH_USER_PATHS = NO;
				COPY_PHASE_STRIP = NO;
				GCC_DYNAMIC_NO_PIC = NO;
				GCC_OPTIMIZATION_LEVEL = 0;
				GCC_PRECOMPILE_PREFIX_HEADER = YES;
				GCC_PREFIX_HEADER = ATND_Prefix.pch;
				HEADER_SEARCH_PATHS = "${SDKROOT}/usr/include/libxml2";
				INFOPLIST_FILE = "ATND-Info.plist";
				OTHER_LDFLAGS = "-ObjC";
				PRODUCT_NAME = ATND;
			};
			name = Debug;
		};
		1D6058950D05DD3E006BFB54 /* Release */ = {
			isa = XCBuildConfiguration;
			buildSettings = {
				ALWAYS_SEARCH_USER_PATHS = NO;
				COPY_PHASE_STRIP = YES;
				GCC_PRECOMPILE_PREFIX_HEADER = YES;
				GCC_PREFIX_HEADER = ATND_Prefix.pch;
				INFOPLIST_FILE = "ATND-Info.plist";
				PRODUCT_NAME = ATND;
				VALIDATE_PRODUCT = YES;
			};
			name = Release;
		};
		C01FCF4F08A954540054247B /* Debug */ = {
			isa = XCBuildConfiguration;
			buildSettings = {
				ADDITIONAL_SDKS = "$HOME/Library/SDKs/JSON/$(PLATFORM_NAME).sdk";
				ARCHS = "$(ARCHS_STANDARD_32_BIT)";
				"CODE_SIGN_IDENTITY[sdk=iphoneos*]" = "iPhone Developer";
				GCC_C_LANGUAGE_STANDARD = c99;
				GCC_PREPROCESSOR_DEFINITIONS = DEBUG;
				GCC_WARN_ABOUT_RETURN_TYPE = YES;
				GCC_WARN_UNUSED_VARIABLE = YES;
				PREBINDING = NO;
				SDKROOT = iphoneos;
			};
			name = Debug;
		};
		C01FCF5008A954540054247B /* Release */ = {
			isa = XCBuildConfiguration;
			buildSettings = {
				ARCHS = "$(ARCHS_STANDARD_32_BIT)";
				"CODE_SIGN_IDENTITY[sdk=iphoneos*]" = "iPhone Developer";
				GCC_C_LANGUAGE_STANDARD = c99;
				GCC_WARN_ABOUT_RETURN_TYPE = YES;
				GCC_WARN_UNUSED_VARIABLE = YES;
				OTHER_CFLAGS = "-DNS_BLOCK_ASSERTIONS=1";
				PREBINDING = NO;
				SDKROOT = iphoneos;
			};
			name = Release;
		};
/* End XCBuildConfiguration section */

/* Begin XCConfigurationList section */
		1D6058960D05DD3E006BFB54 /* Build configuration list for PBXNativeTarget "ATND" */ = {
			isa = XCConfigurationList;
			buildConfigurations = (
				1D6058940D05DD3E006BFB54 /* Debug */,
				1D6058950D05DD3E006BFB54 /* Release */,
			);
			defaultConfigurationIsVisible = 0;
			defaultConfigurationName = Release;
		};
		C01FCF4E08A954540054247B /* Build configuration list for PBXProject "ATND" */ = {
			isa = XCConfigurationList;
			buildConfigurations = (
				C01FCF4F08A954540054247B /* Debug */,
				C01FCF5008A954540054247B /* Release */,
			);
			defaultConfigurationIsVisible = 0;
			defaultConfigurationName = Release;
		};
/* End XCConfigurationList section */
	};
	rootObject = 29B97313FDCFA39411CA2CEA /* Project object */;
}
